
Microsoft Visual Studio Solution File, Format Version 12.00
# Visual Studio Version 17
VisualStudioVersion = 17.5.33627.172
MinimumVisualStudioVersion = 10.0.40219.1
Project("{8BC9CEB8-8B4A-11D0-8D11-00A0C91BC942}") = "CSCN112_Lab3", "CSCN112_Lab3\CSCN112_Lab3.vcxproj", "{CF2CF17C-7133-49DD-A2E6-6C991DC33787}"
EndProject
Global
	GlobalSection(SolutionConfigurationPlatforms) = preSolution
		Debug|x64 = Debug|x64
		Debug|x86 = Debug|x86
		Release|x64 = Release|x64
		Release|x86 = Release|x86
	EndGlobalSection
	GlobalSection(ProjectConfigurationPlatforms) = postSolution
		{CF2CF17C-7133-49DD-A2E6-6C991DC33787}.Debug|x64.ActiveCfg = Debug|x64
		{CF2CF17C-7133-49DD-A2E6-6C991DC33787}.Debug|x64.Build.0 = Debug|x64
		{CF2CF17C-7133-49DD-A2E6-6C991DC33787}.Debug|x86.ActiveCfg = Debug|Win32
		{CF2CF17C-7133-49DD-A2E6-6C991DC33787}.Debug|x86.Build.0 = Debug|Win32
		{CF2CF17C-7133-49DD-A2E6-6C991DC33787}.Release|x64.ActiveCfg = Release|x64
		{CF2CF17C-7133-49DD-A2E6-6C991DC33787}.Release|x64.Build.0 = Release|x64
		{CF2CF17C-7133-49DD-A2E6-6C991DC33787}.Release|x86.ActiveCfg = Release|Win32
		{CF2CF17C-7133-49DD-A2E6-6C991DC33787}.Release|x86.Build.0 = Release|Win32
	EndGlobalSection
	GlobalSection(SolutionProperties) = preSolution
		HideSolutionNode = FALSE
	EndGlobalSection
	GlobalSection(ExtensibilityGlobals) = postSolution
		SolutionGuid = {5D404CE6-BA11-4828-9415-57CC34CAE10C}
	EndGlobalSection
EndGlobal
